
Microsoft Visual Studio Solution File, Format Version 12.00
# Visual Studio Version 17
VisualStudioVersion = 17.4.33213.308
MinimumVisualStudioVersion = 10.0.40219.1
Project("{FAE04EC0-301F-11D3-BF4B-00C04F79EFBC}") = "ADODemo", "ADODemo\ADODemo.csproj", "{9199F7D3-3E24-499C-8D85-99DD53EADF9B}"
EndProject
Global
	GlobalSection(SolutionConfigurationPlatforms) = preSolution
		Debug|Any CPU = Debug|Any CPU
		Release|Any CPU = Release|Any CPU
	EndGlobalSection
	GlobalSection(ProjectConfigurationPlatforms) = postSolution
		{9199F7D3-3E24-499C-8D85-99DD53EADF9B}.Debug|Any CPU.ActiveCfg = Debug|Any CPU
		{9199F7D3-3E24-499C-8D85-99DD53EADF9B}.Debug|Any CPU.Build.0 = Debug|Any CPU
		{9199F7D3-3E24-499C-8D85-99DD53EADF9B}.Release|Any CPU.ActiveCfg = Release|Any CPU
		{9199F7D3-3E24-499C-8D85-99DD53EADF9B}.Release|Any CPU.Build.0 = Release|Any CPU
	EndGlobalSection
	GlobalSection(SolutionProperties) = preSolution
		HideSolutionNode = FALSE
	EndGlobalSection
	GlobalSection(ExtensibilityGlobals) = postSolution
		SolutionGuid = {E0DC65A6-C2E1-468D-87BC-1676DF397286}
	EndGlobalSection
EndGlobal
